// !$*UTF8*$!
{
	archiveVersion = 1;
	classes = {
	};
	objectVersion = 50;
	objects = {

/* Begin PBXBuildFile section */
		049C22D4226496F300881039 /* AppDelegate.swift in Sources */ = {isa = PBXBuildFile; fileRef = 049C22D3226496F300881039 /* AppDelegate.swift */; };
		049C22D6226496F300881039 /* ViewController.swift in Sources */ = {isa = PBXBuildFile; fileRef = 049C22D5226496F300881039 /* ViewController.swift */; };
		049C22D9226496F300881039 /* Main.storyboard in Resources */ = {isa = PBXBuildFile; fileRef = 049C22D7226496F300881039 /* Main.storyboard */; };
		049C22DB226496F400881039 /* Assets.xcassets in Resources */ = {isa = PBXBuildFile; fileRef = 049C22DA226496F400881039 /* Assets.xcassets */; };
		049C22DE226496F400881039 /* LaunchScreen.storyboard in Resources */ = {isa = PBXBuildFile; fileRef = 049C22DC226496F400881039 /* LaunchScreen.storyboard */; };
		049C22E9226496F400881039 /* TravelocityTests.swift in Sources */ = {isa = PBXBuildFile; fileRef = 049C22E8226496F400881039 /* TravelocityTests.swift */; };
/* End PBXBuildFile section */

/* Begin PBXContainerItemProxy section */
		049C22E5226496F400881039 /* PBXContainerItemProxy */ = {
			isa = PBXContainerItemProxy;
			containerPortal = 049C22C8226496F300881039 /* Project object */;
			proxyType = 1;
			remoteGlobalIDString = 049C22CF226496F300881039;
			remoteInfo = Travelocity;
		};
/* End PBXContainerItemProxy section */

/* Begin PBXFileReference section */
		049C22D0226496F300881039 /* Travelocity.app */ = {isa = PBXFileReference; explicitFileType = wrapper.application; includeInIndex = 0; path = Travelocity.app; sourceTree = BUILT_PRODUCTS_DIR; };
		049C22D3226496F300881039 /* AppDelegate.swift */ = {isa = PBXFileReference; lastKnownFileType = sourcecode.swift; path = AppDelegate.swift; sourceTree = "<group>"; };
		049C22D5226496F300881039 /* ViewController.swift */ = {isa = PBXFileReference; lastKnownFileType = sourcecode.swift; path = ViewController.swift; sourceTree = "<group>"; };
		049C22D8226496F300881039 /* Base */ = {isa = PBXFileReference; lastKnownFileType = file.storyboard; name = Base; path = Base.lproj/Main.storyboard; sourceTree = "<group>"; };
		049C22DA226496F400881039 /* Assets.xcassets */ = {isa = PBXFileReference; lastKnownFileType = folder.assetcatalog; path = Assets.xcassets; sourceTree = "<group>"; };
		049C22DD226496F400881039 /* Base */ = {isa = PBXFileReference; lastKnownFileType = file.storyboard; name = Base; path = Base.lproj/LaunchScreen.storyboard; sourceTree = "<group>"; };
		049C22DF226496F400881039 /* Info.plist */ = {isa = PBXFileReference; lastKnownFileType = text.plist.xml; path = Info.plist; sourceTree = "<group>"; };
		049C22E4226496F400881039 /* TravelocityTests.xctest */ = {isa = PBXFileReference; explicitFileType = wrapper.cfbundle; includeInIndex = 0; path = TravelocityTests.xctest; sourceTree = BUILT_PRODUCTS_DIR; };
		049C22E8226496F400881039 /* TravelocityTests.swift */ = {isa = PBXFileReference; lastKnownFileType = sourcecode.swift; path = TravelocityTests.swift; sourceTree = "<group>"; };
		049C22EA226496F400881039 /* Info.plist */ = {isa = PBXFileReference; lastKnownFileType = text.plist.xml; path = Info.plist; sourceTree = "<group>"; };
/* End PBXFileReference section */

/* Begin PBXFrameworksBuildPhase section */
		049C22CD226496F300881039 /* Frameworks */ = {
			isa = PBXFrameworksBuildPhase;
			buildActionMask = 2147483647;
			files = (
			);
			runOnlyForDeploymentPostprocessing = 0;
		};
		049C22E1226496F400881039 /* Frameworks */ = {
			isa = PBXFrameworksBuildPhase;
			buildActionMask = 2147483647;
			files = (
			);
			runOnlyForDeploymentPostprocessing = 0;
		};
/* End PBXFrameworksBuildPhase section */

/* Begin PBXGroup section */
		049C22C7226496F300881039 = {
			isa = PBXGroup;
			children = (
				049C22D2226496F300881039 /* Travelocity */,
				049C22E7226496F400881039 /* TravelocityTests */,
				049C22D1226496F300881039 /* Products */,
			);
			sourceTree = "<group>";
		};
		049C22D1226496F300881039 /* Products */ = {
			isa = PBXGroup;
			children = (
				049C22D0226496F300881039 /* Travelocity.app */,
				049C22E4226496F400881039 /* TravelocityTests.xctest */,
			);
			name = Products;
			sourceTree = "<group>";
		};
		049C22D2226496F300881039 /* Travelocity */ = {
			isa = PBXGroup;
			children = (
				049C22D3226496F300881039 /* AppDelegate.swift */,
				049C22D5226496F300881039 /* ViewController.swift */,
				049C22D7226496F300881039 /* Main.storyboard */,
				049C22DA226496F400881039 /* Assets.xcassets */,
				049C22DC226496F400881039 /* LaunchScreen.storyboard */,
				049C22DF226496F400881039 /* Info.plist */,
			);
			path = Travelocity;
			sourceTree = "<group>";
		};
		049C22E7226496F400881039 /* TravelocityTests */ = {
			isa = PBXGroup;
			children = (
				049C22E8226496F400881039 /* TravelocityTests.swift */,
				049C22EA226496F400881039 /* Info.plist */,
			);
			path = TravelocityTests;
			sourceTree = "<group>";
		};
/* End PBXGroup section */

/* Begin PBXNativeTarget section */
		049C22CF226496F300881039 /* Travelocity */ = {
			isa = PBXNativeTarget;
			buildConfigurationList = 049C22ED226496F400881039 /* Build configuration list for PBXNativeTarget "Travelocity" */;
			buildPhases = (
				049C22CC226496F300881039 /* Sources */,
				049C22CD226496F300881039 /* Frameworks */,
				049C22CE226496F300881039 /* Resources */,
			);
			buildRules = (
			);
			dependencies = (
			);
			name = Travelocity;
			productName = Travelocity;
			productReference = 049C22D0226496F300881039 /* Travelocity.app */;
			productType = "com.apple.product-type.application";
		};
		049C22E3226496F400881039 /* TravelocityTests */ = {
			isa = PBXNativeTarget;
			buildConfigurationList = 049C22F0226496F400881039 /* Build configuration list for PBXNativeTarget "TravelocityTests" */;
			buildPhases = (
				049C22E0226496F400881039 /* Sources */,
				049C22E1226496F400881039 /* Frameworks */,
				049C22E2226496F400881039 /* Resources */,
			);
			buildRules = (
			);
			dependencies = (
				049C22E6226496F400881039 /* PBXTargetDependency */,
			);
			name = TravelocityTests;
			productName = TravelocityTests;
			productReference = 049C22E4226496F400881039 /* TravelocityTests.xctest */;
			productType = "com.apple.product-type.bundle.unit-test";
		};
/* End PBXNativeTarget section */

/* Begin PBXProject section */
		049C22C8226496F300881039 /* Project object */ = {
			isa = PBXProject;
			attributes = {
				LastSwiftUpdateCheck = 1010;
				LastUpgradeCheck = 1010;
				ORGANIZATIONNAME = mac;
				TargetAttributes = {
					049C22CF226496F300881039 = {
						CreatedOnToolsVersion = 10.1;
					};
					049C22E3226496F400881039 = {
						CreatedOnToolsVersion = 10.1;
						TestTargetID = 049C22CF226496F300881039;
					};
				};
			};
			buildConfigurationList = 049C22CB226496F300881039 /* Build configuration list for PBXProject "Travelocity" */;
			compatibilityVersion = "Xcode 9.3";
			developmentRegion = en;
			hasScannedForEncodings = 0;
			knownRegions = (
				en,
				Base,
			);
			mainGroup = 049C22C7226496F300881039;
			productRefGroup = 049C22D1226496F300881039 /* Products */;
			projectDirPath = "";
			projectRoot = "";
			targets = (
				049C22CF226496F300881039 /* Travelocity */,
				049C22E3226496F400881039 /* TravelocityTests */,
			);
		};
/* End PBXProject section */

/* Begin PBXResourcesBuildPhase section */
		049C22CE226496F300881039 /* Resources */ = {
			isa = PBXResourcesBuildPhase;
			buildActionMask = 2147483647;
			files = (
				049C22DE226496F400881039 /* LaunchScreen.storyboard in Resources */,
				049C22DB226496F400881039 /* Assets.xcassets in Resources */,
				049C22D9226496F300881039 /* Main.storyboard in Resources */,
			);
			runOnlyForDeploymentPostprocessing = 0;
		};
		049C22E2226496F400881039 /* Resources */ = {
			isa = PBXResourcesBuildPhase;
			buildActionMask = 2147483647;
			files = (
			);
			runOnlyForDeploymentPostprocessing = 0;
		};
/* End PBXResourcesBuildPhase section */

/* Begin PBXSourcesBuildPhase section */
		049C22CC226496F300881039 /* Sources */ = {
			isa = PBXSourcesBuildPhase;
			buildActionMask = 2147483647;
			files = (
				049C22D6226496F300881039 /* ViewController.swift in Sources */,
				049C22D4226496F300881039 /* AppDelegate.swift in Sources */,
			);
			runOnlyForDeploymentPostprocessing = 0;
		};
		049C22E0226496F400881039 /* Sources */ = {
			isa = PBXSourcesBuildPhase;
			buildActionMask = 2147483647;
			files = (
				049C22E9226496F400881039 /* TravelocityTests.swift in Sources */,
			);
			runOnlyForDeploymentPostprocessing = 0;
		};
/* End PBXSourcesBuildPhase section */

/* Begin PBXTargetDependency section */
		049C22E6226496F400881039 /* PBXTargetDependency */ = {
			isa = PBXTargetDependency;
			target = 049C22CF226496F300881039 /* Travelocity */;
			targetProxy = 049C22E5226496F400881039 /* PBXContainerItemProxy */;
		};
/* End PBXTargetDependency section */

/* Begin PBXVariantGroup section */
		049C22D7226496F300881039 /* Main.storyboard */ = {
			isa = PBXVariantGroup;
			children = (
				049C22D8226496F300881039 /* Base */,
			);
			name = Main.storyboard;
			sourceTree = "<group>";
		};
		049C22DC226496F400881039 /* LaunchScreen.storyboard */ = {
			isa = PBXVariantGroup;
			children = (
				049C22DD226496F400881039 /* Base */,
			);
			name = LaunchScreen.storyboard;
			sourceTree = "<group>";
		};
/* End PBXVariantGroup section */

/* Begin XCBuildConfiguration section */
		049C22EB226496F400881039 /* Debug */ = {
			isa = XCBuildConfiguration;
			buildSettings = {
				ALWAYS_SEARCH_USER_PATHS = NO;
				CLANG_ANALYZER_NONNULL = YES;
				CLANG_ANALYZER_NUMBER_OBJECT_CONVERSION = YES_AGGRESSIVE;
				CLANG_CXX_LANGUAGE_STANDARD = "gnu++14";
				CLANG_CXX_LIBRARY = "libc++";
				CLANG_ENABLE_MODULES = YES;
				CLANG_ENABLE_OBJC_ARC = YES;
				CLANG_ENABLE_OBJC_WEAK = YES;
				CLANG_WARN_BLOCK_CAPTURE_AUTORELEASING = YES;
				CLANG_WARN_BOOL_CONVERSION = YES;
				CLANG_WARN_COMMA = YES;
				CLANG_WARN_CONSTANT_CONVERSION = YES;
				CLANG_WARN_DEPRECATED_OBJC_IMPLEMENTATIONS = YES;
				CLANG_WARN_DIRECT_OBJC_ISA_USAGE = YES_ERROR;
				CLANG_WARN_DOCUMENTATION_COMMENTS = YES;
				CLANG_WARN_EMPTY_BODY = YES;
				CLANG_WARN_ENUM_CONVERSION = YES;
				CLANG_WARN_INFINITE_RECURSION = YES;
				CLANG_WARN_INT_CONVERSION = YES;
				CLANG_WARN_NON_LITERAL_NULL_CONVERSION = YES;
				CLANG_WARN_OBJC_IMPLICIT_RETAIN_SELF = YES;
				CLANG_WARN_OBJC_LITERAL_CONVERSION = YES;
				CLANG_WARN_OBJC_ROOT_CLASS = YES_ERROR;
				CLANG_WARN_RANGE_LOOP_ANALYSIS = YES;
				CLANG_WARN_STRICT_PROTOTYPES = YES;
				CLANG_WARN_SUSPICIOUS_MOVE = YES;
				CLANG_WARN_UNGUARDED_AVAILABILITY = YES_AGGRESSIVE;
				CLANG_WARN_UNREACHABLE_CODE = YES;
				CLANG_WARN__DUPLICATE_METHOD_MATCH = YES;
				CODE_SIGN_IDENTITY = "iPhone Developer";
				COPY_PHASE_STRIP = NO;
				DEBUG_INFORMATION_FORMAT = dwarf;
				ENABLE_STRICT_OBJC_MSGSEND = YES;
				ENABLE_TESTABILITY = YES;
				GCC_C_LANGUAGE_STANDARD = gnu11;
				GCC_DYNAMIC_NO_PIC = NO;
				GCC_NO_COMMON_BLOCKS = YES;
				GCC_OPTIMIZATION_LEVEL = 0;
				GCC_PREPROCESSOR_DEFINITIONS = (
					"DEBUG=1",
					"$(inherited)",
				);
				GCC_WARN_64_TO_32_BIT_CONVERSION = YES;
				GCC_WARN_ABOUT_RETURN_TYPE = YES_ERROR;
				GCC_WARN_UNDECLARED_SELECTOR = YES;
				GCC_WARN_UNINITIALIZED_AUTOS = YES_AGGRESSIVE;
				GCC_WARN_UNUSED_FUNCTION = YES;
				GCC_WARN_UNUSED_VARIABLE = YES;
				IPHONEOS_DEPLOYMENT_TARGET = 12.1;
				MTL_ENABLE_DEBUG_INFO = INCLUDE_SOURCE;
				MTL_FAST_MATH = YES;
				ONLY_ACTIVE_ARCH = YES;
				SDKROOT = iphoneos;
				SWIFT_ACTIVE_COMPILATION_CONDITIONS = DEBUG;
				SWIFT_OPTIMIZATION_LEVEL = "-Onone";
			};
			name = Debug;
		};
		049C22EC226496F400881039 /* Release */ = {
			isa = XCBuildConfiguration;
			buildSettings = {
				ALWAYS_SEARCH_USER_PATHS = NO;
				CLANG_ANALYZER_NONNULL = YES;
				CLANG_ANALYZER_NUMBER_OBJECT_CONVERSION = YES_AGGRESSIVE;
				CLANG_CXX_LANGUAGE_STANDARD = "gnu++14";
				CLANG_CXX_LIBRARY = "libc++";
				CLANG_ENABLE_MODULES = YES;
				CLANG_ENABLE_OBJC_ARC = YES;
				CLANG_ENABLE_OBJC_WEAK = YES;
				CLANG_WARN_BLOCK_CAPTURE_AUTORELEASING = YES;
				CLANG_WARN_BOOL_CONVERSION = YES;
				CLANG_WARN_COMMA = YES;
				CLANG_WARN_CONSTANT_CONVERSION = YES;
				CLANG_WARN_DEPRECATED_OBJC_IMPLEMENTATIONS = YES;
				CLANG_WARN_DIRECT_OBJC_ISA_USAGE = YES_ERROR;
				CLANG_WARN_DOCUMENTATION_COMMENTS = YES;
				CLANG_WARN_EMPTY_BODY = YES;
				CLANG_WARN_ENUM_CONVERSION = YES;
				CLANG_WARN_INFINITE_RECURSION = YES;
				CLANG_WARN_INT_CONVERSION = YES;
				CLANG_WARN_NON_LITERAL_NULL_CONVERSION = YES;
				CLANG_WARN_OBJC_IMPLICIT_RETAIN_SELF = YES;
				CLANG_WARN_OBJC_LITERAL_CONVERSION = YES;
				CLANG_WARN_OBJC_ROOT_CLASS = YES_ERROR;
				CLANG_WARN_RANGE_LOOP_ANALYSIS = YES;
				CLANG_WARN_STRICT_PROTOTYPES = YES;
				CLANG_WARN_SUSPICIOUS_MOVE = YES;
				CLANG_WARN_UNGUARDED_AVAILABILITY = YES_AGGRESSIVE;
				CLANG_WARN_UNREACHABLE_CODE = YES;
				CLANG_WARN__DUPLICATE_METHOD_MATCH = YES;
				CODE_SIGN_IDENTITY = "iPhone Developer";
				COPY_PHASE_STRIP = NO;
				DEBUG_INFORMATION_FORMAT = "dwarf-with-dsym";
				ENABLE_NS_ASSERTIONS = NO;
				ENABLE_STRICT_OBJC_MSGSEND = YES;
				GCC_C_LANGUAGE_STANDARD = gnu11;
				GCC_NO_COMMON_BLOCKS = YES;
				GCC_WARN_64_TO_32_BIT_CONVERSION = YES;
				GCC_WARN_ABOUT_RETURN_TYPE = YES_ERROR;
				GCC_WARN_UNDECLARED_SELECTOR = YES;
				GCC_WARN_UNINITIALIZED_AUTOS = YES_AGGRESSIVE;
				GCC_WARN_UNUSED_FUNCTION = YES;
				GCC_WARN_UNUSED_VARIABLE = YES;
				IPHONEOS_DEPLOYMENT_TARGET = 12.1;
				MTL_ENABLE_DEBUG_INFO = NO;
				MTL_FAST_MATH = YES;
				SDKROOT = iphoneos;
				SWIFT_COMPILATION_MODE = wholemodule;
				SWIFT_OPTIMIZATION_LEVEL = "-O";
				VALIDATE_PRODUCT = YES;
			};
			name = Release;
		};
		049C22EE226496F400881039 /* Debug */ = {
			isa = XCBuildConfiguration;
			buildSettings = {
				ASSETCATALOG_COMPILER_APPICON_NAME = AppIcon;
				CODE_SIGN_STYLE = Automatic;
				INFOPLIST_FILE = Travelocity/Info.plist;
				LD_RUNPATH_SEARCH_PATHS = (
					"$(inherited)",
					"@executable_path/Frameworks",
				);
				PRODUCT_BUNDLE_IDENTIFIER = HourDeals.Travelocity;
				PRODUCT_NAME = "$(TARGET_NAME)";
				SWIFT_VERSION = 4.2;
				TARGETED_DEVICE_FAMILY = "1,2";
			};
			name = Debug;
		};
		049C22EF226496F400881039 /* Release */ = {
			isa = XCBuildConfiguration;
			buildSettings = {
				ASSETCATALOG_COMPILER_APPICON_NAME = AppIcon;
				CODE_SIGN_STYLE = Automatic;
				INFOPLIST_FILE = Travelocity/Info.plist;
				LD_RUNPATH_SEARCH_PATHS = (
					"$(inherited)",
					"@executable_path/Frameworks",
				);
				PRODUCT_BUNDLE_IDENTIFIER = HourDeals.Travelocity;
				PRODUCT_NAME = "$(TARGET_NAME)";
				SWIFT_VERSION = 4.2;
				TARGETED_DEVICE_FAMILY = "1,2";
			};
			name = Release;
		};
		049C22F1226496F400881039 /* Debug */ = {
			isa = XCBuildConfiguration;
			buildSettings = {
				ALWAYS_EMBED_SWIFT_STANDARD_LIBRARIES = YES;
				BUNDLE_LOADER = "$(TEST_HOST)";
				CODE_SIGN_STYLE = Automatic;
				INFOPLIST_FILE = TravelocityTests/Info.plist;
				LD_RUNPATH_SEARCH_PATHS = (
					"$(inherited)",
					"@executable_path/Frameworks",
					"@loader_path/Frameworks",
				);
				PRODUCT_BUNDLE_IDENTIFIER = HourDeals.TravelocityTests;
				PRODUCT_NAME = "$(TARGET_NAME)";
				SWIFT_VERSION = 4.2;
				TARGETED_DEVICE_FAMILY = "1,2";
				TEST_HOST = "$(BUILT_PRODUCTS_DIR)/Travelocity.app/Travelocity";
			};
			name = Debug;
		};
		049C22F2226496F400881039 /* Release */ = {
			isa = XCBuildConfiguration;
			buildSettings = {
				ALWAYS_EMBED_SWIFT_STANDARD_LIBRARIES = YES;
				BUNDLE_LOADER = "$(TEST_HOST)";
				CODE_SIGN_STYLE = Automatic;
				INFOPLIST_FILE = TravelocityTests/Info.plist;
				LD_RUNPATH_SEARCH_PATHS = (
					"$(inherited)",
					"@executable_path/Frameworks",
					"@loader_path/Frameworks",
				);
				PRODUCT_BUNDLE_IDENTIFIER = HourDeals.TravelocityTests;
				PRODUCT_NAME = "$(TARGET_NAME)";
				SWIFT_VERSION = 4.2;
				TARGETED_DEVICE_FAMILY = "1,2";
				TEST_HOST = "$(BUILT_PRODUCTS_DIR)/Travelocity.app/Travelocity";
			};
			name = Release;
		};
/* End XCBuildConfiguration section */

/* Begin XCConfigurationList section */
		049C22CB226496F300881039 /* Build configuration list for PBXProject "Travelocity" */ = {
			isa = XCConfigurationList;
			buildConfigurations = (
				049C22EB226496F400881039 /* Debug */,
				049C22EC226496F400881039 /* Release */,
			);
			defaultConfigurationIsVisible = 0;
			defaultConfigurationName = Release;
		};
		049C22ED226496F400881039 /* Build configuration list for PBXNativeTarget "Travelocity" */ = {
			isa = XCConfigurationList;
			buildConfigurations = (
				049C22EE226496F400881039 /* Debug */,
				049C22EF226496F400881039 /* Release */,
			);
			defaultConfigurationIsVisible = 0;
			defaultConfigurationName = Release;
		};
		049C22F0226496F400881039 /* Build configuration list for PBXNativeTarget "TravelocityTests" */ = {
			isa = XCConfigurationList;
			buildConfigurations = (
				049C22F1226496F400881039 /* Debug */,
				049C22F2226496F400881039 /* Release */,
			);
			defaultConfigurationIsVisible = 0;
			defaultConfigurationName = Release;
		};
/* End XCConfigurationList section */
	};
	rootObject = 049C22C8226496F300881039 /* Project object */;
}
